
Microsoft Visual Studio Solution File, Format Version 12.00
# Visual Studio Version 16
VisualStudioVersion = 16.0.30717.126
MinimumVisualStudioVersion = 10.0.40219.1
Project("{FAE04EC0-301F-11D3-BF4B-00C04F79EFBC}") = "1", "1\1.csproj", "{D7C263C1-F00C-4CB7-A63D-B171B2538846}"
EndProject
Project("{FAE04EC0-301F-11D3-BF4B-00C04F79EFBC}") = "2", "2\2.csproj", "{99DC82A7-95D2-402D-8ED3-F5ACF352C911}"
EndProject
Project("{FAE04EC0-301F-11D3-BF4B-00C04F79EFBC}") = "3", "3\3.csproj", "{6516C150-1F0D-40EB-BFDB-9B5081BEA66A}"
EndProject
Project("{FAE04EC0-301F-11D3-BF4B-00C04F79EFBC}") = "4", "4\4.csproj", "{D7739645-DBFD-4F2C-9D87-84C7549A060D}"
EndProject
Project("{FAE04EC0-301F-11D3-BF4B-00C04F79EFBC}") = "5", "5\5.csproj", "{BFBB0A65-9A23-41D4-B648-685D9C977869}"
EndProject
Project("{FAE04EC0-301F-11D3-BF4B-00C04F79EFBC}") = "6", "6\6.csproj", "{141E69B5-4FE1-47FE-A338-7D8A5E150B23}"
EndProject
Project("{FAE04EC0-301F-11D3-BF4B-00C04F79EFBC}") = "7", "7\7.csproj", "{18F06B9C-BB87-4529-B9C8-B8C4C6398E00}"
EndProject
Project("{FAE04EC0-301F-11D3-BF4B-00C04F79EFBC}") = "8", "8\8.csproj", "{CAC18315-E653-4AE7-9690-A5D13D80C24C}"
EndProject
Project("{FAE04EC0-301F-11D3-BF4B-00C04F79EFBC}") = "9", "9\9.csproj", "{701DBD79-B674-4A4E-99E6-3BA4C76331D8}"
EndProject
Project("{FAE04EC0-301F-11D3-BF4B-00C04F79EFBC}") = "10", "10\10.csproj", "{8070C25C-D2CB-4872-915A-B5AAA7E29BB2}"
EndProject
Project("{FAE04EC0-301F-11D3-BF4B-00C04F79EFBC}") = "11", "11\11.csproj", "{21296A23-DA32-4C7E-A9E2-2E2BA59AC606}"
EndProject
Global
	GlobalSection(SolutionConfigurationPlatforms) = preSolution
		Debug|Any CPU = Debug|Any CPU
		Release|Any CPU = Release|Any CPU
	EndGlobalSection
	GlobalSection(ProjectConfigurationPlatforms) = postSolution
		{D7C263C1-F00C-4CB7-A63D-B171B2538846}.Debug|Any CPU.ActiveCfg = Debug|Any CPU
		{D7C263C1-F00C-4CB7-A63D-B171B2538846}.Debug|Any CPU.Build.0 = Debug|Any CPU
		{D7C263C1-F00C-4CB7-A63D-B171B2538846}.Release|Any CPU.ActiveCfg = Release|Any CPU
		{D7C263C1-F00C-4CB7-A63D-B171B2538846}.Release|Any CPU.Build.0 = Release|Any CPU
		{99DC82A7-95D2-402D-8ED3-F5ACF352C911}.Debug|Any CPU.ActiveCfg = Debug|Any CPU
		{99DC82A7-95D2-402D-8ED3-F5ACF352C911}.Debug|Any CPU.Build.0 = Debug|Any CPU
		{99DC82A7-95D2-402D-8ED3-F5ACF352C911}.Release|Any CPU.ActiveCfg = Release|Any CPU
		{99DC82A7-95D2-402D-8ED3-F5ACF352C911}.Release|Any CPU.Build.0 = Release|Any CPU
		{6516C150-1F0D-40EB-BFDB-9B5081BEA66A}.Debug|Any CPU.ActiveCfg = Debug|Any CPU
		{6516C150-1F0D-40EB-BFDB-9B5081BEA66A}.Debug|Any CPU.Build.0 = Debug|Any CPU
		{6516C150-1F0D-40EB-BFDB-9B5081BEA66A}.Release|Any CPU.ActiveCfg = Release|Any CPU
		{6516C150-1F0D-40EB-BFDB-9B5081BEA66A}.Release|Any CPU.Build.0 = Release|Any CPU
		{D7739645-DBFD-4F2C-9D87-84C7549A060D}.Debug|Any CPU.ActiveCfg = Debug|Any CPU
		{D7739645-DBFD-4F2C-9D87-84C7549A060D}.Debug|Any CPU.Build.0 = Debug|Any CPU
		{D7739645-DBFD-4F2C-9D87-84C7549A060D}.Release|Any CPU.ActiveCfg = Release|Any CPU
		{D7739645-DBFD-4F2C-9D87-84C7549A060D}.Release|Any CPU.Build.0 = Release|Any CPU
		{BFBB0A65-9A23-41D4-B648-685D9C977869}.Debug|Any CPU.ActiveCfg = Debug|Any CPU
		{BFBB0A65-9A23-41D4-B648-685D9C977869}.Debug|Any CPU.Build.0 = Debug|Any CPU
		{BFBB0A65-9A23-41D4-B648-685D9C977869}.Release|Any CPU.ActiveCfg = Release|Any CPU
		{BFBB0A65-9A23-41D4-B648-685D9C977869}.Release|Any CPU.Build.0 = Release|Any CPU
		{141E69B5-4FE1-47FE-A338-7D8A5E150B23}.Debug|Any CPU.ActiveCfg = Debug|Any CPU
		{141E69B5-4FE1-47FE-A338-7D8A5E150B23}.Debug|Any CPU.Build.0 = Debug|Any CPU
		{141E69B5-4FE1-47FE-A338-7D8A5E150B23}.Release|Any CPU.ActiveCfg = Release|Any CPU
		{141E69B5-4FE1-47FE-A338-7D8A5E150B23}.Release|Any CPU.Build.0 = Release|Any CPU
		{18F06B9C-BB87-4529-B9C8-B8C4C6398E00}.Debug|Any CPU.ActiveCfg = Debug|Any CPU
		{18F06B9C-BB87-4529-B9C8-B8C4C6398E00}.Debug|Any CPU.Build.0 = Debug|Any CPU
		{18F06B9C-BB87-4529-B9C8-B8C4C6398E00}.Release|Any CPU.ActiveCfg = Release|Any CPU
		{18F06B9C-BB87-4529-B9C8-B8C4C6398E00}.Release|Any CPU.Build.0 = Release|Any CPU
		{CAC18315-E653-4AE7-9690-A5D13D80C24C}.Debug|Any CPU.ActiveCfg = Debug|Any CPU
		{CAC18315-E653-4AE7-9690-A5D13D80C24C}.Debug|Any CPU.Build.0 = Debug|Any CPU
		{CAC18315-E653-4AE7-9690-A5D13D80C24C}.Release|Any CPU.ActiveCfg = Release|Any CPU
		{CAC18315-E653-4AE7-9690-A5D13D80C24C}.Release|Any CPU.Build.0 = Release|Any CPU
		{701DBD79-B674-4A4E-99E6-3BA4C76331D8}.Debug|Any CPU.ActiveCfg = Debug|Any CPU
		{701DBD79-B674-4A4E-99E6-3BA4C76331D8}.Debug|Any CPU.Build.0 = Debug|Any CPU
		{701DBD79-B674-4A4E-99E6-3BA4C76331D8}.Release|Any CPU.ActiveCfg = Release|Any CPU
		{701DBD79-B674-4A4E-99E6-3BA4C76331D8}.Release|Any CPU.Build.0 = Release|Any CPU
		{8070C25C-D2CB-4872-915A-B5AAA7E29BB2}.Debug|Any CPU.ActiveCfg = Debug|Any CPU
		{8070C25C-D2CB-4872-915A-B5AAA7E29BB2}.Debug|Any CPU.Build.0 = Debug|Any CPU
		{8070C25C-D2CB-4872-915A-B5AAA7E29BB2}.Release|Any CPU.ActiveCfg = Release|Any CPU
		{8070C25C-D2CB-4872-915A-B5AAA7E29BB2}.Release|Any CPU.Build.0 = Release|Any CPU
		{21296A23-DA32-4C7E-A9E2-2E2BA59AC606}.Debug|Any CPU.ActiveCfg = Debug|Any CPU
		{21296A23-DA32-4C7E-A9E2-2E2BA59AC606}.Debug|Any CPU.Build.0 = Debug|Any CPU
		{21296A23-DA32-4C7E-A9E2-2E2BA59AC606}.Release|Any CPU.ActiveCfg = Release|Any CPU
		{21296A23-DA32-4C7E-A9E2-2E2BA59AC606}.Release|Any CPU.Build.0 = Release|Any CPU
	EndGlobalSection
	GlobalSection(SolutionProperties) = preSolution
		HideSolutionNode = FALSE
	EndGlobalSection
	GlobalSection(ExtensibilityGlobals) = postSolution
		SolutionGuid = {E1F2A909-A560-4BDC-8063-A03BC936BD02}
	EndGlobalSection
EndGlobal
